github.com/EXCCoin/base58 v0.0.0-20180515090142-e1a805ee5d9f h1:ucGdoqYaaO8y9CF/Vvyl+LXcOKdqOclw1YXe59HknY8=
github.com/EXCCoin/base58 v0.0.0-20180515090142-e1a805ee5d9f/go.mod h1:FWlYa+QpsFceLY9PQfQrt5R64DlCpuCoDmmZDtN78Q8=
github.com/EXCCoin/exccd v0.0.0-20180813122516-e16039f265b1 h1:W7l5OrWOOjGGHkyk+mY7Ewylsa0ZK8wjKOOTlEYftDw=
github.com/EXCCoin/exccd v0.0.0-20180813122516-e16039f265b1/go.mod h1:UWOVM9yBAHklSlO0wgaXQToVZpVz9MOr+7UXye/15Hw=
github.com/agl/ed25519 v0.0.0-20170116200512-5312a6153412 h1:w1UutsfOrms1J05zt7ISrnJIXKzwaspym5BTKGx93EI=
github.com/agl/ed25519 v0.0.0-20170116200512-5312a6153412/go.mod h1:WPjqKcmVOxf0XSf3YxCJs6N6AOSrOx3obionmG7T0y0=
github.com/btcsuite/btclog v0.0.0-20170628155309-84c8d2346e9f h1:bAs4lUbRJpnnkd9VhRV3jjAVU7DJVjMaK+IsvSeZvFo=
github.com/btcsuite/btclog v0.0.0-20170628155309-84c8d2346e9f/go.mod h1:TdznJufoqS23FtqVCzL0ZqgP5MqXbb4fg/WgDys70nA=
github.com/btcsuite/go-flags v0.0.0-20150116065318-6c288d648c1c h1:jYE+0osxEwZMwnJkGJCiQZKLhMFMR6+G8QxtFtL9/Zw=
github.com/btcsuite/go-flags v0.0.0-20150116065318-6c288d648c1c/go.mod h1:FAMFTQ1iW6ewsFxRHGOzmtOgCNMIw1ks4L86fZ3nNaw=
github.com/btcsuite/go-socks v0.0.0-20170105172521-4720035b7bfd h1:R/opQEbFEy9JGkIguV40SvRY1uliPX8ifOvi6ICsFCw=
github.com/btcsuite/go-socks v0.0.0-20170105172521-4720035b7bfd/go.mod h1:HHNXQzUsZCxOoE+CPiyCTO6x34Zs86zZUiwtpXoGdtg=
github.com/davecgh/go-spew v0.0.0-20170829195320-a47672248388 h1:xOYbryI96Npr2YM3ar+j8HTeiuA+vzxhiwaw+kLCruk=
github.com/davecgh/go-spew v0.0.0-20170829195320-a47672248388/go.mod h1:J7Y8YcW2NihsgmVo/mv3lAwl/skON4iLHjSsI+c5H38=
github.com/jrick/logrotate v0.0.0-20170604173416-4ed05ed86ef1 h1:4v/TCu/jYXa0yzPvOFdSrsfByA8scuTfN+7Z4HmjlYI=
github.com/jrick/logrotate v0.0.0-20170604173416-4ed05ed86ef1/go.mod h1:LNinyqDIJnpAur+b8yyulnQw/wDuN1+BYKlTRt3OuAQ=
github.com/mattn/go-pointer v0.0.0-20171114154726-1d30dc4b6f28 h1:mAI019DxObHRCdgeNgPsMFlB0J32qXuhDqtuz2E8DyM=
github.com/mattn/go-pointer v0.0.0-20171114154726-1d30dc4b6f28/go.mod h1:2zXcozF6qYGgmsG+SeTZz3oAbFLdD3OWqnUbNvJZAlc=
golang.org/x/crypto v0.0.0-20170930174604-9419663f5a44 h1:9lP3x0pW80sDI6t1UMSLA4to18W7R7imwAI/sWS9S8Q=
golang.org/x/crypto v0.0.0-20170930174604-9419663f5a44/go.mod h1:6SG95UA2DQfeDnfUPMdvaQW0Q7yPrPDi9nlGo2tz2b4=
